{"filter":false,"title":"package-lock.json","tooltip":"/pakagejson/package-lock.json","undoManager":{"mark":-1,"position":-1,"stack":[]},"ace":{"folds":[],"scrolltop":0,"scrollleft":0,"selection":{"start":{"row":0,"column":0},"end":{"row":0,"column":0},"isBackwards":false},"options":{"guessTabSize":true,"useWrapMode":false,"wrapToView":true},"firstLineState":0},"timestamp":1569200150631,"hash":"4383e3a4e9f5774d08a6a5c79b8b317e3bbc7717"}